// !$*UTF8*$!
{
	archiveVersion = 1;
	classes = {
	};
	objectVersion = 56;
	objects = {

/* Begin PBXBuildFile section */
		1DBA4DA62AA99874009E615C /* User.swift in Sources */ = {isa = PBXBuildFile; fileRef = 1DBA4DA52AA99874009E615C /* User.swift */; };
		1DD80E922AA56F3D00C570F7 /* AppDelegate.swift in Sources */ = {isa = PBXBuildFile; fileRef = 1DD80E912AA56F3D00C570F7 /* AppDelegate.swift */; };
		1DD80E942AA56F3D00C570F7 /* SceneDelegate.swift in Sources */ = {isa = PBXBuildFile; fileRef = 1DD80E932AA56F3D00C570F7 /* SceneDelegate.swift */; };
		1DD80E962AA56F3D00C570F7 /* ViewController.swift in Sources */ = {isa = PBXBuildFile; fileRef = 1DD80E952AA56F3D00C570F7 /* ViewController.swift */; };
		1DD80E992AA56F3D00C570F7 /* Main.storyboard in Resources */ = {isa = PBXBuildFile; fileRef = 1DD80E972AA56F3D00C570F7 /* Main.storyboard */; };
		1DD80E9E2AA56F3F00C570F7 /* LaunchScreen.storyboard in Resources */ = {isa = PBXBuildFile; fileRef = 1DD80E9C2AA56F3F00C570F7 /* LaunchScreen.storyboard */; };
		1DD80EA62AA56FC600C570F7 /* MainPage.storyboard in Resources */ = {isa = PBXBuildFile; fileRef = 1DD80EA52AA56FC600C570F7 /* MainPage.storyboard */; };
		1DD80EAB2AA5700E00C570F7 /* SignInPage.storyboard in Resources */ = {isa = PBXBuildFile; fileRef = 1DD80EAA2AA5700E00C570F7 /* SignInPage.storyboard */; };
		1DD80EAF2AA5703500C570F7 /* LoginPage.storyboard in Resources */ = {isa = PBXBuildFile; fileRef = 1DD80EAE2AA5703500C570F7 /* LoginPage.storyboard */; };
		1DD80EB12AA5704300C570F7 /* DetailPage.storyboard in Resources */ = {isa = PBXBuildFile; fileRef = 1DD80EB02AA5704300C570F7 /* DetailPage.storyboard */; };
		1DD80EB32AA5706100C570F7 /* MyPage.storyboard in Resources */ = {isa = PBXBuildFile; fileRef = 1DD80EB22AA5706100C570F7 /* MyPage.storyboard */; };
		1DD80EBC2AA5710200C570F7 /* MainPageViewController.swift in Sources */ = {isa = PBXBuildFile; fileRef = 1DD80EBB2AA5710200C570F7 /* MainPageViewController.swift */; };
		1DD80EBE2AA5713A00C570F7 /* SignInPageViewController.swift in Sources */ = {isa = PBXBuildFile; fileRef = 1DD80EBD2AA5713A00C570F7 /* SignInPageViewController.swift */; };
		1DD80EC02AA5714700C570F7 /* LoginPageViewController.swift in Sources */ = {isa = PBXBuildFile; fileRef = 1DD80EBF2AA5714600C570F7 /* LoginPageViewController.swift */; };
		1DD80EC22AA5715600C570F7 /* DetailPageViewController.swift in Sources */ = {isa = PBXBuildFile; fileRef = 1DD80EC12AA5715600C570F7 /* DetailPageViewController.swift */; };
		1DD80EC42AA5716100C570F7 /* MyPageViewController.swift in Sources */ = {isa = PBXBuildFile; fileRef = 1DD80EC32AA5716100C570F7 /* MyPageViewController.swift */; };
		30CF1B482AA867740000F5E6 /* MypageView.swift in Sources */ = {isa = PBXBuildFile; fileRef = 30CF1B472AA867740000F5E6 /* MypageView.swift */; };
/* End PBXBuildFile section */

/* Begin PBXFileReference section */
		1DBA4DA52AA99874009E615C /* User.swift */ = {isa = PBXFileReference; fileEncoding = 4; lastKnownFileType = sourcecode.swift; path = User.swift; sourceTree = "<group>"; };
		1DD80E8E2AA56F3D00C570F7 /* UhTube.app */ = {isa = PBXFileReference; explicitFileType = wrapper.application; includeInIndex = 0; path = UhTube.app; sourceTree = BUILT_PRODUCTS_DIR; };
		1DD80E912AA56F3D00C570F7 /* AppDelegate.swift */ = {isa = PBXFileReference; lastKnownFileType = sourcecode.swift; path = AppDelegate.swift; sourceTree = "<group>"; };
		1DD80E932AA56F3D00C570F7 /* SceneDelegate.swift */ = {isa = PBXFileReference; lastKnownFileType = sourcecode.swift; path = SceneDelegate.swift; sourceTree = "<group>"; };
		1DD80E952AA56F3D00C570F7 /* ViewController.swift */ = {isa = PBXFileReference; lastKnownFileType = sourcecode.swift; path = ViewController.swift; sourceTree = "<group>"; };
		1DD80E982AA56F3D00C570F7 /* Base */ = {isa = PBXFileReference; lastKnownFileType = file.storyboard; name = Base; path = Base.lproj/Main.storyboard; sourceTree = "<group>"; };
		1DD80E9D2AA56F3F00C570F7 /* Base */ = {isa = PBXFileReference; lastKnownFileType = file.storyboard; name = Base; path = Base.lproj/LaunchScreen.storyboard; sourceTree = "<group>"; };
		1DD80E9F2AA56F3F00C570F7 /* Info.plist */ = {isa = PBXFileReference; lastKnownFileType = text.plist.xml; path = Info.plist; sourceTree = "<group>"; };
		1DD80EA52AA56FC600C570F7 /* MainPage.storyboard */ = {isa = PBXFileReference; lastKnownFileType = file.storyboard; path = MainPage.storyboard; sourceTree = "<group>"; };
		1DD80EAA2AA5700E00C570F7 /* SignInPage.storyboard */ = {isa = PBXFileReference; lastKnownFileType = file.storyboard; path = SignInPage.storyboard; sourceTree = "<group>"; };
		1DD80EAE2AA5703500C570F7 /* LoginPage.storyboard */ = {isa = PBXFileReference; lastKnownFileType = file.storyboard; path = LoginPage.storyboard; sourceTree = "<group>"; };
		1DD80EB02AA5704300C570F7 /* DetailPage.storyboard */ = {isa = PBXFileReference; lastKnownFileType = file.storyboard; path = DetailPage.storyboard; sourceTree = "<group>"; };
		1DD80EB22AA5706100C570F7 /* MyPage.storyboard */ = {isa = PBXFileReference; lastKnownFileType = file.storyboard; path = MyPage.storyboard; sourceTree = "<group>"; };
		1DD80EBB2AA5710200C570F7 /* MainPageViewController.swift */ = {isa = PBXFileReference; lastKnownFileType = sourcecode.swift; path = MainPageViewController.swift; sourceTree = "<group>"; };
		1DD80EBD2AA5713A00C570F7 /* SignInPageViewController.swift */ = {isa = PBXFileReference; lastKnownFileType = sourcecode.swift; path = SignInPageViewController.swift; sourceTree = "<group>"; };
		1DD80EBF2AA5714600C570F7 /* LoginPageViewController.swift */ = {isa = PBXFileReference; lastKnownFileType = sourcecode.swift; path = LoginPageViewController.swift; sourceTree = "<group>"; };
		1DD80EC12AA5715600C570F7 /* DetailPageViewController.swift */ = {isa = PBXFileReference; lastKnownFileType = sourcecode.swift; path = DetailPageViewController.swift; sourceTree = "<group>"; };
		1DD80EC32AA5716100C570F7 /* MyPageViewController.swift */ = {isa = PBXFileReference; lastKnownFileType = sourcecode.swift; path = MyPageViewController.swift; sourceTree = "<group>"; };
		30CF1B472AA867740000F5E6 /* MypageView.swift */ = {isa = PBXFileReference; lastKnownFileType = sourcecode.swift; path = MypageView.swift; sourceTree = "<group>"; };
/* End PBXFileReference section */

/* Begin PBXFrameworksBuildPhase section */
		1DD80E8B2AA56F3D00C570F7 /* Frameworks */ = {
			isa = PBXFrameworksBuildPhase;
			buildActionMask = 2147483647;
			files = (
			);
			runOnlyForDeploymentPostprocessing = 0;
		};
/* End PBXFrameworksBuildPhase section */

/* Begin PBXGroup section */
		1DD80E852AA56F3D00C570F7 = {
			isa = PBXGroup;
			children = (
				1DD80E902AA56F3D00C570F7 /* UhTube */,
				1DD80E8F2AA56F3D00C570F7 /* Products */,
			);
			sourceTree = "<group>";
		};
		1DD80E8F2AA56F3D00C570F7 /* Products */ = {
			isa = PBXGroup;
			children = (
				1DD80E8E2AA56F3D00C570F7 /* UhTube.app */,
			);
			name = Products;
			sourceTree = "<group>";
		};
		1DD80E902AA56F3D00C570F7 /* UhTube */ = {
			isa = PBXGroup;
			children = (
				1DD80E912AA56F3D00C570F7 /* AppDelegate.swift */,
				1DD80E932AA56F3D00C570F7 /* SceneDelegate.swift */,
				1DD80E952AA56F3D00C570F7 /* ViewController.swift */,
				1DD80E972AA56F3D00C570F7 /* Main.storyboard */,
				1DD80E9C2AA56F3F00C570F7 /* LaunchScreen.storyboard */,
				1DD80E9F2AA56F3F00C570F7 /* Info.plist */,
				1DD80EA52AA56FC600C570F7 /* MainPage.storyboard */,
				1DD80EBB2AA5710200C570F7 /* MainPageViewController.swift */,
				1DD80EAA2AA5700E00C570F7 /* SignInPage.storyboard */,
				1DD80EBD2AA5713A00C570F7 /* SignInPageViewController.swift */,
				1DD80EAE2AA5703500C570F7 /* LoginPage.storyboard */,
				1DD80EBF2AA5714600C570F7 /* LoginPageViewController.swift */,
				1DD80EB02AA5704300C570F7 /* DetailPage.storyboard */,
				1DD80EC12AA5715600C570F7 /* DetailPageViewController.swift */,
				1DD80EB22AA5706100C570F7 /* MyPage.storyboard */,
				1DD80EC32AA5716100C570F7 /* MyPageViewController.swift */,
				30CF1B472AA867740000F5E6 /* MypageView.swift */,
				1DBA4DA52AA99874009E615C /* User.swift */,
			);
			path = UhTube;
			sourceTree = "<group>";
		};
/* End PBXGroup section */

/* Begin PBXNativeTarget section */
		1DD80E8D2AA56F3D00C570F7 /* UhTube */ = {
			isa = PBXNativeTarget;
			buildConfigurationList = 1DD80EA22AA56F3F00C570F7 /* Build configuration list for PBXNativeTarget "UhTube" */;
			buildPhases = (
				1DD80E8A2AA56F3D00C570F7 /* Sources */,
				1DD80E8B2AA56F3D00C570F7 /* Frameworks */,
				1DD80E8C2AA56F3D00C570F7 /* Resources */,
			);
			buildRules = (
			);
			dependencies = (
			);
			name = UhTube;
			productName = UhTube;
			productReference = 1DD80E8E2AA56F3D00C570F7 /* UhTube.app */;
			productType = "com.apple.product-type.application";
		};
/* End PBXNativeTarget section */

/* Begin PBXProject section */
		1DD80E862AA56F3D00C570F7 /* Project object */ = {
			isa = PBXProject;
			attributes = {
				BuildIndependentTargetsInParallel = 1;
				LastSwiftUpdateCheck = 1430;
				LastUpgradeCheck = 1430;
				TargetAttributes = {
					1DD80E8D2AA56F3D00C570F7 = {
						CreatedOnToolsVersion = 14.3.1;
					};
				};
			};
			buildConfigurationList = 1DD80E892AA56F3D00C570F7 /* Build configuration list for PBXProject "UhTube" */;
			compatibilityVersion = "Xcode 14.0";
			developmentRegion = en;
			hasScannedForEncodings = 0;
			knownRegions = (
				en,
				Base,
			);
			mainGroup = 1DD80E852AA56F3D00C570F7;
			productRefGroup = 1DD80E8F2AA56F3D00C570F7 /* Products */;
			projectDirPath = "";
			projectRoot = "";
			targets = (
				1DD80E8D2AA56F3D00C570F7 /* UhTube */,
			);
		};
/* End PBXProject section */

/* Begin PBXResourcesBuildPhase section */
		1DD80E8C2AA56F3D00C570F7 /* Resources */ = {
			isa = PBXResourcesBuildPhase;
			buildActionMask = 2147483647;
			files = (
				1DD80EA62AA56FC600C570F7 /* MainPage.storyboard in Resources */,
				1DD80EB12AA5704300C570F7 /* DetailPage.storyboard in Resources */,
				1DD80E9E2AA56F3F00C570F7 /* LaunchScreen.storyboard in Resources */,
				1DD80EB32AA5706100C570F7 /* MyPage.storyboard in Resources */,
				1DD80EAB2AA5700E00C570F7 /* SignInPage.storyboard in Resources */,
				1DD80E992AA56F3D00C570F7 /* Main.storyboard in Resources */,
				1DD80EAF2AA5703500C570F7 /* LoginPage.storyboard in Resources */,
			);
			runOnlyForDeploymentPostprocessing = 0;
		};
/* End PBXResourcesBuildPhase section */

/* Begin PBXSourcesBuildPhase section */
		1DD80E8A2AA56F3D00C570F7 /* Sources */ = {
			isa = PBXSourcesBuildPhase;
			buildActionMask = 2147483647;
			files = (
				1DD80EBC2AA5710200C570F7 /* MainPageViewController.swift in Sources */,
				1DD80E962AA56F3D00C570F7 /* ViewController.swift in Sources */,
				1DD80E922AA56F3D00C570F7 /* AppDelegate.swift in Sources */,
				30CF1B482AA867740000F5E6 /* MypageView.swift in Sources */,
				1DD80EC02AA5714700C570F7 /* LoginPageViewController.swift in Sources */,
				1DD80EC22AA5715600C570F7 /* DetailPageViewController.swift in Sources */,
				1DBA4DA62AA99874009E615C /* User.swift in Sources */,
				1DD80E942AA56F3D00C570F7 /* SceneDelegate.swift in Sources */,
				1DD80EBE2AA5713A00C570F7 /* SignInPageViewController.swift in Sources */,
				1DD80EC42AA5716100C570F7 /* MyPageViewController.swift in Sources */,
			);
			runOnlyForDeploymentPostprocessing = 0;
		};
/* End PBXSourcesBuildPhase section */

/* Begin PBXVariantGroup section */
		1DD80E972AA56F3D00C570F7 /* Main.storyboard */ = {
			isa = PBXVariantGroup;
			children = (
				1DD80E982AA56F3D00C570F7 /* Base */,
			);
			name = Main.storyboard;
			sourceTree = "<group>";
		};
		1DD80E9C2AA56F3F00C570F7 /* LaunchScreen.storyboard */ = {
			isa = PBXVariantGroup;
			children = (
				1DD80E9D2AA56F3F00C570F7 /* Base */,
			);
			name = LaunchScreen.storyboard;
			sourceTree = "<group>";
		};
/* End PBXVariantGroup section */

/* Begin XCBuildConfiguration section */
		1DD80EA02AA56F3F00C570F7 /* Debug */ = {
			isa = XCBuildConfiguration;
			buildSettings = {
				ALWAYS_SEARCH_USER_PATHS = NO;
				CLANG_ANALYZER_NONNULL = YES;
				CLANG_ANALYZER_NUMBER_OBJECT_CONVERSION = YES_AGGRESSIVE;
				CLANG_CXX_LANGUAGE_STANDARD = "gnu++20";
				CLANG_ENABLE_MODULES = YES;
				CLANG_ENABLE_OBJC_ARC = YES;
				CLANG_ENABLE_OBJC_WEAK = YES;
				CLANG_WARN_BLOCK_CAPTURE_AUTORELEASING = YES;
				CLANG_WARN_BOOL_CONVERSION = YES;
				CLANG_WARN_COMMA = YES;
				CLANG_WARN_CONSTANT_CONVERSION = YES;
				CLANG_WARN_DEPRECATED_OBJC_IMPLEMENTATIONS = YES;
				CLANG_WARN_DIRECT_OBJC_ISA_USAGE = YES_ERROR;
				CLANG_WARN_DOCUMENTATION_COMMENTS = YES;
				CLANG_WARN_EMPTY_BODY = YES;
				CLANG_WARN_ENUM_CONVERSION = YES;
				CLANG_WARN_INFINITE_RECURSION = YES;
				CLANG_WARN_INT_CONVERSION = YES;
				CLANG_WARN_NON_LITERAL_NULL_CONVERSION = YES;
				CLANG_WARN_OBJC_IMPLICIT_RETAIN_SELF = YES;
				CLANG_WARN_OBJC_LITERAL_CONVERSION = YES;
				CLANG_WARN_OBJC_ROOT_CLASS = YES_ERROR;
				CLANG_WARN_QUOTED_INCLUDE_IN_FRAMEWORK_HEADER = YES;
				CLANG_WARN_RANGE_LOOP_ANALYSIS = YES;
				CLANG_WARN_STRICT_PROTOTYPES = YES;
				CLANG_WARN_SUSPICIOUS_MOVE = YES;
				CLANG_WARN_UNGUARDED_AVAILABILITY = YES_AGGRESSIVE;
				CLANG_WARN_UNREACHABLE_CODE = YES;
				CLANG_WARN__DUPLICATE_METHOD_MATCH = YES;
				COPY_PHASE_STRIP = NO;
				DEBUG_INFORMATION_FORMAT = dwarf;
				ENABLE_STRICT_OBJC_MSGSEND = YES;
				ENABLE_TESTABILITY = YES;
				GCC_C_LANGUAGE_STANDARD = gnu11;
				GCC_DYNAMIC_NO_PIC = NO;
				GCC_NO_COMMON_BLOCKS = YES;
				GCC_OPTIMIZATION_LEVEL = 0;
				GCC_PREPROCESSOR_DEFINITIONS = (
					"DEBUG=1",
					"$(inherited)",
				);
				GCC_WARN_64_TO_32_BIT_CONVERSION = YES;
				GCC_WARN_ABOUT_RETURN_TYPE = YES_ERROR;
				GCC_WARN_UNDECLARED_SELECTOR = YES;
				GCC_WARN_UNINITIALIZED_AUTOS = YES_AGGRESSIVE;
				GCC_WARN_UNUSED_FUNCTION = YES;
				GCC_WARN_UNUSED_VARIABLE = YES;
				IPHONEOS_DEPLOYMENT_TARGET = 16.4;
				MTL_ENABLE_DEBUG_INFO = INCLUDE_SOURCE;
				MTL_FAST_MATH = YES;
				ONLY_ACTIVE_ARCH = YES;
				SDKROOT = iphoneos;
				SWIFT_ACTIVE_COMPILATION_CONDITIONS = DEBUG;
				SWIFT_OPTIMIZATION_LEVEL = "-Onone";
			};
			name = Debug;
		};
		1DD80EA12AA56F3F00C570F7 /* Release */ = {
			isa = XCBuildConfiguration;
			buildSettings = {
				ALWAYS_SEARCH_USER_PATHS = NO;
				CLANG_ANALYZER_NONNULL = YES;
				CLANG_ANALYZER_NUMBER_OBJECT_CONVERSION = YES_AGGRESSIVE;
				CLANG_CXX_LANGUAGE_STANDARD = "gnu++20";
				CLANG_ENABLE_MODULES = YES;
				CLANG_ENABLE_OBJC_ARC = YES;
				CLANG_ENABLE_OBJC_WEAK = YES;
				CLANG_WARN_BLOCK_CAPTURE_AUTORELEASING = YES;
				CLANG_WARN_BOOL_CONVERSION = YES;
				CLANG_WARN_COMMA = YES;
				CLANG_WARN_CONSTANT_CONVERSION = YES;
				CLANG_WARN_DEPRECATED_OBJC_IMPLEMENTATIONS = YES;
				CLANG_WARN_DIRECT_OBJC_ISA_USAGE = YES_ERROR;
				CLANG_WARN_DOCUMENTATION_COMMENTS = YES;
				CLANG_WARN_EMPTY_BODY = YES;
				CLANG_WARN_ENUM_CONVERSION = YES;
				CLANG_WARN_INFINITE_RECURSION = YES;
				CLANG_WARN_INT_CONVERSION = YES;
				CLANG_WARN_NON_LITERAL_NULL_CONVERSION = YES;
				CLANG_WARN_OBJC_IMPLICIT_RETAIN_SELF = YES;
				CLANG_WARN_OBJC_LITERAL_CONVERSION = YES;
				CLANG_WARN_OBJC_ROOT_CLASS = YES_ERROR;
				CLANG_WARN_QUOTED_INCLUDE_IN_FRAMEWORK_HEADER = YES;
				CLANG_WARN_RANGE_LOOP_ANALYSIS = YES;
				CLANG_WARN_STRICT_PROTOTYPES = YES;
				CLANG_WARN_SUSPICIOUS_MOVE = YES;
				CLANG_WARN_UNGUARDED_AVAILABILITY = YES_AGGRESSIVE;
				CLANG_WARN_UNREACHABLE_CODE = YES;
				CLANG_WARN__DUPLICATE_METHOD_MATCH = YES;
				COPY_PHASE_STRIP = NO;
				DEBUG_INFORMATION_FORMAT = "dwarf-with-dsym";
				ENABLE_NS_ASSERTIONS = NO;
				ENABLE_STRICT_OBJC_MSGSEND = YES;
				GCC_C_LANGUAGE_STANDARD = gnu11;
				GCC_NO_COMMON_BLOCKS = YES;
				GCC_WARN_64_TO_32_BIT_CONVERSION = YES;
				GCC_WARN_ABOUT_RETURN_TYPE = YES_ERROR;
				GCC_WARN_UNDECLARED_SELECTOR = YES;
				GCC_WARN_UNINITIALIZED_AUTOS = YES_AGGRESSIVE;
				GCC_WARN_UNUSED_FUNCTION = YES;
				GCC_WARN_UNUSED_VARIABLE = YES;
				IPHONEOS_DEPLOYMENT_TARGET = 16.4;
				MTL_ENABLE_DEBUG_INFO = NO;
				MTL_FAST_MATH = YES;
				SDKROOT = iphoneos;
				SWIFT_COMPILATION_MODE = wholemodule;
				SWIFT_OPTIMIZATION_LEVEL = "-O";
				VALIDATE_PRODUCT = YES;
			};
			name = Release;
		};
		1DD80EA32AA56F3F00C570F7 /* Debug */ = {
			isa = XCBuildConfiguration;
			buildSettings = {
				ASSETCATALOG_COMPILER_APPICON_NAME = AppIcon;
				ASSETCATALOG_COMPILER_GLOBAL_ACCENT_COLOR_NAME = AccentColor;
				CODE_SIGN_STYLE = Automatic;
				CURRENT_PROJECT_VERSION = 1;
				DEVELOPMENT_TEAM = WVX5V7QT8W;
				GENERATE_INFOPLIST_FILE = YES;
				INFOPLIST_FILE = UhTube/Info.plist;
				INFOPLIST_KEY_UIApplicationSupportsIndirectInputEvents = YES;
				INFOPLIST_KEY_UILaunchStoryboardName = LaunchScreen;
				INFOPLIST_KEY_UIMainStoryboardFile = Main;
				INFOPLIST_KEY_UISupportedInterfaceOrientations_iPad = "UIInterfaceOrientationPortrait UIInterfaceOrientationPortraitUpsideDown UIInterfaceOrientationLandscapeLeft UIInterfaceOrientationLandscapeRight";
				INFOPLIST_KEY_UISupportedInterfaceOrientations_iPhone = "UIInterfaceOrientationPortrait UIInterfaceOrientationLandscapeLeft UIInterfaceOrientationLandscapeRight";
				LD_RUNPATH_SEARCH_PATHS = (
					"$(inherited)",
					"@executable_path/Frameworks",
				);
				MARKETING_VERSION = 1.0;
				PRODUCT_BUNDLE_IDENTIFIER = "suzzang-g.UhTube";
				PRODUCT_NAME = "$(TARGET_NAME)";
				SWIFT_EMIT_LOC_STRINGS = YES;
				SWIFT_VERSION = 5.0;
				TARGETED_DEVICE_FAMILY = "1,2";
			};
			name = Debug;
		};
		1DD80EA42AA56F3F00C570F7 /* Release */ = {
			isa = XCBuildConfiguration;
			buildSettings = {
				ASSETCATALOG_COMPILER_APPICON_NAME = AppIcon;
				ASSETCATALOG_COMPILER_GLOBAL_ACCENT_COLOR_NAME = AccentColor;
				CODE_SIGN_STYLE = Automatic;
				CURRENT_PROJECT_VERSION = 1;
				DEVELOPMENT_TEAM = WVX5V7QT8W;
				GENERATE_INFOPLIST_FILE = YES;
				INFOPLIST_FILE = UhTube/Info.plist;
				INFOPLIST_KEY_UIApplicationSupportsIndirectInputEvents = YES;
				INFOPLIST_KEY_UILaunchStoryboardName = LaunchScreen;
				INFOPLIST_KEY_UIMainStoryboardFile = Main;
				INFOPLIST_KEY_UISupportedInterfaceOrientations_iPad = "UIInterfaceOrientationPortrait UIInterfaceOrientationPortraitUpsideDown UIInterfaceOrientationLandscapeLeft UIInterfaceOrientationLandscapeRight";
				INFOPLIST_KEY_UISupportedInterfaceOrientations_iPhone = "UIInterfaceOrientationPortrait UIInterfaceOrientationLandscapeLeft UIInterfaceOrientationLandscapeRight";
				LD_RUNPATH_SEARCH_PATHS = (
					"$(inherited)",
					"@executable_path/Frameworks",
				);
				MARKETING_VERSION = 1.0;
				PRODUCT_BUNDLE_IDENTIFIER = "suzzang-g.UhTube";
				PRODUCT_NAME = "$(TARGET_NAME)";
				SWIFT_EMIT_LOC_STRINGS = YES;
				SWIFT_VERSION = 5.0;
				TARGETED_DEVICE_FAMILY = "1,2";
			};
			name = Release;
		};
/* End XCBuildConfiguration section */

/* Begin XCConfigurationList section */
		1DD80E892AA56F3D00C570F7 /* Build configuration list for PBXProject "UhTube" */ = {
			isa = XCConfigurationList;
			buildConfigurations = (
				1DD80EA02AA56F3F00C570F7 /* Debug */,
				1DD80EA12AA56F3F00C570F7 /* Release */,
			);
			defaultConfigurationIsVisible = 0;
			defaultConfigurationName = Release;
		};
		1DD80EA22AA56F3F00C570F7 /* Build configuration list for PBXNativeTarget "UhTube" */ = {
			isa = XCConfigurationList;
			buildConfigurations = (
				1DD80EA32AA56F3F00C570F7 /* Debug */,
				1DD80EA42AA56F3F00C570F7 /* Release */,
			);
			defaultConfigurationIsVisible = 0;
			defaultConfigurationName = Release;
		};
/* End XCConfigurationList section */
	};
	rootObject = 1DD80E862AA56F3D00C570F7 /* Project object */;
}
